// !$*UTF8*$!
{
	archiveVersion = 1;
	classes = {
	};
	objectVersion = 77;
	objects = {

/* Begin PBXBuildFile section */
		7C1F70A52D2EA1D800F79965 /* Hide n' Seek Extension.appex in Embed Foundation Extensions */ = {isa = PBXBuildFile; fileRef = 7C1F70A42D2EA1D800F79965 /* Hide n' Seek Extension.appex */; settings = {ATTRIBUTES = (RemoveHeadersOnCopy, ); }; };
/* End PBXBuildFile section */

/* Begin PBXContainerItemProxy section */
		7C1F708F2D2EA1D800F79965 /* PBXContainerItemProxy */ = {
			isa = PBXContainerItemProxy;
			containerPortal = 7C1F706A2D2EA1D700F79965 /* Project object */;
			proxyType = 1;
			remoteGlobalIDString = 7C1F70712D2EA1D700F79965;
			remoteInfo = "Hide n' Seek";
		};
		7C1F70992D2EA1D800F79965 /* PBXContainerItemProxy */ = {
			isa = PBXContainerItemProxy;
			containerPortal = 7C1F706A2D2EA1D700F79965 /* Project object */;
			proxyType = 1;
			remoteGlobalIDString = 7C1F70712D2EA1D700F79965;
			remoteInfo = "Hide n' Seek";
		};
		7C1F70A62D2EA1D800F79965 /* PBXContainerItemProxy */ = {
			isa = PBXContainerItemProxy;
			containerPortal = 7C1F706A2D2EA1D700F79965 /* Project object */;
			proxyType = 1;
			remoteGlobalIDString = 7C1F70A32D2EA1D800F79965;
			remoteInfo = "Hide n' Seek Extension";
		};
/* End PBXContainerItemProxy section */

/* Begin PBXCopyFilesBuildPhase section */
		7C1F70C42D2EA1D800F79965 /* Embed Foundation Extensions */ = {
			isa = PBXCopyFilesBuildPhase;
			buildActionMask = 2147483647;
			dstPath = "";
			dstSubfolderSpec = 13;
			files = (
				7C1F70A52D2EA1D800F79965 /* Hide n' Seek Extension.appex in Embed Foundation Extensions */,
			);
			name = "Embed Foundation Extensions";
			runOnlyForDeploymentPostprocessing = 0;
		};
/* End PBXCopyFilesBuildPhase section */

/* Begin PBXFileReference section */
		7C1F70722D2EA1D800F79965 /* Hide n' Seek.app */ = {isa = PBXFileReference; explicitFileType = wrapper.application; includeInIndex = 0; path = "Hide n' Seek.app"; sourceTree = BUILT_PRODUCTS_DIR; };
		7C1F708E2D2EA1D800F79965 /* Hide n' SeekTests.xctest */ = {isa = PBXFileReference; explicitFileType = wrapper.cfbundle; includeInIndex = 0; path = "Hide n' SeekTests.xctest"; sourceTree = BUILT_PRODUCTS_DIR; };
		7C1F70982D2EA1D800F79965 /* Hide n' SeekUITests.xctest */ = {isa = PBXFileReference; explicitFileType = wrapper.cfbundle; includeInIndex = 0; path = "Hide n' SeekUITests.xctest"; sourceTree = BUILT_PRODUCTS_DIR; };
		7C1F70A42D2EA1D800F79965 /* Hide n' Seek Extension.appex */ = {isa = PBXFileReference; explicitFileType = "wrapper.app-extension"; includeInIndex = 0; path = "Hide n' Seek Extension.appex"; sourceTree = BUILT_PRODUCTS_DIR; };
/* End PBXFileReference section */

/* Begin PBXFileSystemSynchronizedBuildFileExceptionSet section */
		7C1F70BE2D2EA1D800F79965 /* Exceptions for "Hide n' Seek Extension" folder in "Hide n' Seek Extension" target */ = {
			isa = PBXFileSystemSynchronizedBuildFileExceptionSet;
			membershipExceptions = (
				Info.plist,
			);
			target = 7C1F70A32D2EA1D800F79965 /* Hide n' Seek Extension */;
		};
		7C6649512D2EB4D20017674E /* Exceptions for "Hide n' Seek" folder in "Hide n' SeekTests" target */ = {
			isa = PBXFileSystemSynchronizedBuildFileExceptionSet;
			membershipExceptions = (
				Resources/Icon.png,
			);
			target = 7C1F708D2D2EA1D800F79965 /* Hide n' SeekTests */;
		};
		7C6649522D2EB4D20017674E /* Exceptions for "Hide n' Seek" folder in "Hide n' SeekUITests" target */ = {
			isa = PBXFileSystemSynchronizedBuildFileExceptionSet;
			membershipExceptions = (
				Resources/Icon.png,
			);
			target = 7C1F70972D2EA1D800F79965 /* Hide n' SeekUITests */;
		};
		7C6649532D2EB4D20017674E /* Exceptions for "Hide n' Seek" folder in "Hide n' Seek Extension" target */ = {
			isa = PBXFileSystemSynchronizedBuildFileExceptionSet;
			membershipExceptions = (
				Resources/Icon.png,
			);
			target = 7C1F70A32D2EA1D800F79965 /* Hide n' Seek Extension */;
		};
/* End PBXFileSystemSynchronizedBuildFileExceptionSet section */

/* Begin PBXFileSystemSynchronizedRootGroup section */
		7C1F70742D2EA1D800F79965 /* Hide n' Seek */ = {
			isa = PBXFileSystemSynchronizedRootGroup;
			exceptions = (
				7C6649512D2EB4D20017674E /* Exceptions for "Hide n' Seek" folder in "Hide n' SeekTests" target */,
				7C6649522D2EB4D20017674E /* Exceptions for "Hide n' Seek" folder in "Hide n' SeekUITests" target */,
				7C6649532D2EB4D20017674E /* Exceptions for "Hide n' Seek" folder in "Hide n' Seek Extension" target */,
			);
			path = "Hide n' Seek";
			sourceTree = "<group>";
		};
		7C1F70912D2EA1D800F79965 /* Hide n' SeekTests */ = {
			isa = PBXFileSystemSynchronizedRootGroup;
			path = "Hide n' SeekTests";
			sourceTree = "<group>";
		};
		7C1F709B2D2EA1D800F79965 /* Hide n' SeekUITests */ = {
			isa = PBXFileSystemSynchronizedRootGroup;
			path = "Hide n' SeekUITests";
			sourceTree = "<group>";
		};
		7C1F70A82D2EA1D800F79965 /* Hide n' Seek Extension */ = {
			isa = PBXFileSystemSynchronizedRootGroup;
			exceptions = (
				7C1F70BE2D2EA1D800F79965 /* Exceptions for "Hide n' Seek Extension" folder in "Hide n' Seek Extension" target */,
			);
			explicitFolders = (
				Resources/_locales,
				Resources/images,
			);
			path = "Hide n' Seek Extension";
			sourceTree = "<group>";
		};
/* End PBXFileSystemSynchronizedRootGroup section */

/* Begin PBXFrameworksBuildPhase section */
		7C1F706F2D2EA1D700F79965 /* Frameworks */ = {
			isa = PBXFrameworksBuildPhase;
			buildActionMask = 2147483647;
			files = (
			);
			runOnlyForDeploymentPostprocessing = 0;
		};
		7C1F708B2D2EA1D800F79965 /* Frameworks */ = {
			isa = PBXFrameworksBuildPhase;
			buildActionMask = 2147483647;
			files = (
			);
			runOnlyForDeploymentPostprocessing = 0;
		};
		7C1F70952D2EA1D800F79965 /* Frameworks */ = {
			isa = PBXFrameworksBuildPhase;
			buildActionMask = 2147483647;
			files = (
			);
			runOnlyForDeploymentPostprocessing = 0;
		};
		7C1F70A12D2EA1D800F79965 /* Frameworks */ = {
			isa = PBXFrameworksBuildPhase;
			buildActionMask = 2147483647;
			files = (
			);
			runOnlyForDeploymentPostprocessing = 0;
		};
/* End PBXFrameworksBuildPhase section */

/* Begin PBXGroup section */
		7C1F70692D2EA1D700F79965 = {
			isa = PBXGroup;
			children = (
				7C1F70742D2EA1D800F79965 /* Hide n' Seek */,
				7C1F70912D2EA1D800F79965 /* Hide n' SeekTests */,
				7C1F709B2D2EA1D800F79965 /* Hide n' SeekUITests */,
				7C1F70A82D2EA1D800F79965 /* Hide n' Seek Extension */,
				7C1F70732D2EA1D800F79965 /* Products */,
			);
			sourceTree = "<group>";
		};
		7C1F70732D2EA1D800F79965 /* Products */ = {
			isa = PBXGroup;
			children = (
				7C1F70722D2EA1D800F79965 /* Hide n' Seek.app */,
				7C1F708E2D2EA1D800F79965 /* Hide n' SeekTests.xctest */,
				7C1F70982D2EA1D800F79965 /* Hide n' SeekUITests.xctest */,
				7C1F70A42D2EA1D800F79965 /* Hide n' Seek Extension.appex */,
			);
			name = Products;
			sourceTree = "<group>";
		};
/* End PBXGroup section */

/* Begin PBXNativeTarget section */
		7C1F70712D2EA1D700F79965 /* Hide n' Seek */ = {
			isa = PBXNativeTarget;
			buildConfigurationList = 7C1F70C52D2EA1D800F79965 /* Build configuration list for PBXNativeTarget "Hide n' Seek" */;
			buildPhases = (
				7C1F706E2D2EA1D700F79965 /* Sources */,
				7C1F706F2D2EA1D700F79965 /* Frameworks */,
				7C1F70702D2EA1D700F79965 /* Resources */,
				7C1F70C42D2EA1D800F79965 /* Embed Foundation Extensions */,
			);
			buildRules = (
			);
			dependencies = (
				7C1F70A72D2EA1D800F79965 /* PBXTargetDependency */,
			);
			fileSystemSynchronizedGroups = (
				7C1F70742D2EA1D800F79965 /* Hide n' Seek */,
			);
			name = "Hide n' Seek";
			packageProductDependencies = (
			);
			productName = "Hide n' Seek";
			productReference = 7C1F70722D2EA1D800F79965 /* Hide n' Seek.app */;
			productType = "com.apple.product-type.application";
		};
		7C1F708D2D2EA1D800F79965 /* Hide n' SeekTests */ = {
			isa = PBXNativeTarget;
			buildConfigurationList = 7C1F70C82D2EA1D800F79965 /* Build configuration list for PBXNativeTarget "Hide n' SeekTests" */;
			buildPhases = (
				7C1F708A2D2EA1D800F79965 /* Sources */,
				7C1F708B2D2EA1D800F79965 /* Frameworks */,
				7C1F708C2D2EA1D800F79965 /* Resources */,
			);
			buildRules = (
			);
			dependencies = (
				7C1F70902D2EA1D800F79965 /* PBXTargetDependency */,
			);
			fileSystemSynchronizedGroups = (
				7C1F70912D2EA1D800F79965 /* Hide n' SeekTests */,
			);
			name = "Hide n' SeekTests";
			packageProductDependencies = (
			);
			productName = "Hide n' SeekTests";
			productReference = 7C1F708E2D2EA1D800F79965 /* Hide n' SeekTests.xctest */;
			productType = "com.apple.product-type.bundle.unit-test";
		};
		7C1F70972D2EA1D800F79965 /* Hide n' SeekUITests */ = {
			isa = PBXNativeTarget;
			buildConfigurationList = 7C1F70CB2D2EA1D800F79965 /* Build configuration list for PBXNativeTarget "Hide n' SeekUITests" */;
			buildPhases = (
				7C1F70942D2EA1D800F79965 /* Sources */,
				7C1F70952D2EA1D800F79965 /* Frameworks */,
				7C1F70962D2EA1D800F79965 /* Resources */,
			);
			buildRules = (
			);
			dependencies = (
				7C1F709A2D2EA1D800F79965 /* PBXTargetDependency */,
			);
			fileSystemSynchronizedGroups = (
				7C1F709B2D2EA1D800F79965 /* Hide n' SeekUITests */,
			);
			name = "Hide n' SeekUITests";
			packageProductDependencies = (
			);
			productName = "Hide n' SeekUITests";
			productReference = 7C1F70982D2EA1D800F79965 /* Hide n' SeekUITests.xctest */;
			productType = "com.apple.product-type.bundle.ui-testing";
		};
		7C1F70A32D2EA1D800F79965 /* Hide n' Seek Extension */ = {
			isa = PBXNativeTarget;
			buildConfigurationList = 7C1F70BF2D2EA1D800F79965 /* Build configuration list for PBXNativeTarget "Hide n' Seek Extension" */;
			buildPhases = (
				7C1F70A02D2EA1D800F79965 /* Sources */,
				7C1F70A12D2EA1D800F79965 /* Frameworks */,
				7C1F70A22D2EA1D800F79965 /* Resources */,
			);
			buildRules = (
			);
			dependencies = (
			);
			fileSystemSynchronizedGroups = (
				7C1F70A82D2EA1D800F79965 /* Hide n' Seek Extension */,
			);
			name = "Hide n' Seek Extension";
			packageProductDependencies = (
			);
			productName = "Hide n' Seek Extension";
			productReference = 7C1F70A42D2EA1D800F79965 /* Hide n' Seek Extension.appex */;
			productType = "com.apple.product-type.app-extension";
		};
/* End PBXNativeTarget section */

/* Begin PBXProject section */
		7C1F706A2D2EA1D700F79965 /* Project object */ = {
			isa = PBXProject;
			attributes = {
				BuildIndependentTargetsInParallel = 1;
				LastSwiftUpdateCheck = 1620;
				LastUpgradeCheck = 1620;
				TargetAttributes = {
					7C1F70712D2EA1D700F79965 = {
						CreatedOnToolsVersion = 16.2;
					};
					7C1F708D2D2EA1D800F79965 = {
						CreatedOnToolsVersion = 16.2;
						TestTargetID = 7C1F70712D2EA1D700F79965;
					};
					7C1F70972D2EA1D800F79965 = {
						CreatedOnToolsVersion = 16.2;
						TestTargetID = 7C1F70712D2EA1D700F79965;
					};
					7C1F70A32D2EA1D800F79965 = {
						CreatedOnToolsVersion = 16.2;
					};
				};
			};
			buildConfigurationList = 7C1F706D2D2EA1D700F79965 /* Build configuration list for PBXProject "Hide n' Seek" */;
			developmentRegion = en;
			hasScannedForEncodings = 0;
			knownRegions = (
				en,
				Base,
			);
			mainGroup = 7C1F70692D2EA1D700F79965;
			minimizedProjectReferenceProxies = 1;
			preferredProjectObjectVersion = 77;
			productRefGroup = 7C1F70732D2EA1D800F79965 /* Products */;
			projectDirPath = "";
			projectRoot = "";
			targets = (
				7C1F70712D2EA1D700F79965 /* Hide n' Seek */,
				7C1F708D2D2EA1D800F79965 /* Hide n' SeekTests */,
				7C1F70972D2EA1D800F79965 /* Hide n' SeekUITests */,
				7C1F70A32D2EA1D800F79965 /* Hide n' Seek Extension */,
			);
		};
/* End PBXProject section */

/* Begin PBXResourcesBuildPhase section */
		7C1F70702D2EA1D700F79965 /* Resources */ = {
			isa = PBXResourcesBuildPhase;
			buildActionMask = 2147483647;
			files = (
			);
			runOnlyForDeploymentPostprocessing = 0;
		};
		7C1F708C2D2EA1D800F79965 /* Resources */ = {
			isa = PBXResourcesBuildPhase;
			buildActionMask = 2147483647;
			files = (
			);
			runOnlyForDeploymentPostprocessing = 0;
		};
		7C1F70962D2EA1D800F79965 /* Resources */ = {
			isa = PBXResourcesBuildPhase;
			buildActionMask = 2147483647;
			files = (
			);
			runOnlyForDeploymentPostprocessing = 0;
		};
		7C1F70A22D2EA1D800F79965 /* Resources */ = {
			isa = PBXResourcesBuildPhase;
			buildActionMask = 2147483647;
			files = (
			);
			runOnlyForDeploymentPostprocessing = 0;
		};
/* End PBXResourcesBuildPhase section */

/* Begin PBXSourcesBuildPhase section */
		7C1F706E2D2EA1D700F79965 /* Sources */ = {
			isa = PBXSourcesBuildPhase;
			buildActionMask = 2147483647;
			files = (
			);
			runOnlyForDeploymentPostprocessing = 0;
		};
		7C1F708A2D2EA1D800F79965 /* Sources */ = {
			isa = PBXSourcesBuildPhase;
			buildActionMask = 2147483647;
			files = (
			);
			runOnlyForDeploymentPostprocessing = 0;
		};
		7C1F70942D2EA1D800F79965 /* Sources */ = {
			isa = PBXSourcesBuildPhase;
			buildActionMask = 2147483647;
			files = (
			);
			runOnlyForDeploymentPostprocessing = 0;
		};
		7C1F70A02D2EA1D800F79965 /* Sources */ = {
			isa = PBXSourcesBuildPhase;
			buildActionMask = 2147483647;
			files = (
			);
			runOnlyForDeploymentPostprocessing = 0;
		};
/* End PBXSourcesBuildPhase section */

/* Begin PBXTargetDependency section */
		7C1F70902D2EA1D800F79965 /* PBXTargetDependency */ = {
			isa = PBXTargetDependency;
			target = 7C1F70712D2EA1D700F79965 /* Hide n' Seek */;
			targetProxy = 7C1F708F2D2EA1D800F79965 /* PBXContainerItemProxy */;
		};
		7C1F709A2D2EA1D800F79965 /* PBXTargetDependency */ = {
			isa = PBXTargetDependency;
			target = 7C1F70712D2EA1D700F79965 /* Hide n' Seek */;
			targetProxy = 7C1F70992D2EA1D800F79965 /* PBXContainerItemProxy */;
		};
		7C1F70A72D2EA1D800F79965 /* PBXTargetDependency */ = {
			isa = PBXTargetDependency;
			target = 7C1F70A32D2EA1D800F79965 /* Hide n' Seek Extension */;
			targetProxy = 7C1F70A62D2EA1D800F79965 /* PBXContainerItemProxy */;
		};
/* End PBXTargetDependency section */

/* Begin XCBuildConfiguration section */
		7C1F70C02D2EA1D800F79965 /* Debug */ = {
			isa = XCBuildConfiguration;
			buildSettings = {
				CODE_SIGN_ENTITLEMENTS = "Hide n' Seek Extension/Hide_n__Seek_Extension.entitlements";
				CODE_SIGN_STYLE = Automatic;
				CURRENT_PROJECT_VERSION = 1;
				DEVELOPMENT_TEAM = HW5VUVY424;
				ENABLE_HARDENED_RUNTIME = YES;
				GENERATE_INFOPLIST_FILE = YES;
				INFOPLIST_FILE = "Hide n' Seek Extension/Info.plist";
				INFOPLIST_KEY_CFBundleDisplayName = "Hide n' Seek Extension";
				INFOPLIST_KEY_NSHumanReadableCopyright = "";
				LD_RUNPATH_SEARCH_PATHS = (
					"$(inherited)",
					"@executable_path/../Frameworks",
					"@executable_path/../../../../Frameworks",
				);
				MACOSX_DEPLOYMENT_TARGET = 10.14;
				MARKETING_VERSION = 1.0;
				OTHER_LDFLAGS = (
					"-framework",
					SafariServices,
				);
				PRODUCT_BUNDLE_IDENTIFIER = "akhil838.Hide-n--Seek.Extension";
				PRODUCT_NAME = "$(TARGET_NAME)";
				SKIP_INSTALL = YES;
				SWIFT_EMIT_LOC_STRINGS = YES;
				SWIFT_VERSION = 5.0;
			};
			name = Debug;
		};
		7C1F70C12D2EA1D800F79965 /* Release */ = {
			isa = XCBuildConfiguration;
			buildSettings = {
				CODE_SIGN_ENTITLEMENTS = "Hide n' Seek Extension/Hide_n__Seek_Extension.entitlements";
				CODE_SIGN_STYLE = Automatic;
				CURRENT_PROJECT_VERSION = 1;
				DEVELOPMENT_TEAM = HW5VUVY424;
				ENABLE_HARDENED_RUNTIME = YES;
				GENERATE_INFOPLIST_FILE = YES;
				INFOPLIST_FILE = "Hide n' Seek Extension/Info.plist";
				INFOPLIST_KEY_CFBundleDisplayName = "Hide n' Seek Extension";
				INFOPLIST_KEY_NSHumanReadableCopyright = "";
				LD_RUNPATH_SEARCH_PATHS = (
					"$(inherited)",
					"@executable_path/../Frameworks",
					"@executable_path/../../../../Frameworks",
				);
				MACOSX_DEPLOYMENT_TARGET = 10.14;
				MARKETING_VERSION = 1.0;
				OTHER_LDFLAGS = (
					"-framework",
					SafariServices,
				);
				PRODUCT_BUNDLE_IDENTIFIER = "akhil838.Hide-n--Seek.Extension";
				PRODUCT_NAME = "$(TARGET_NAME)";
				SKIP_INSTALL = YES;
				SWIFT_EMIT_LOC_STRINGS = YES;
				SWIFT_VERSION = 5.0;
			};
			name = Release;
		};
		7C1F70C22D2EA1D800F79965 /* Debug */ = {
			isa = XCBuildConfiguration;
			buildSettings = {
				ALWAYS_SEARCH_USER_PATHS = NO;
				ASSETCATALOG_COMPILER_GENERATE_SWIFT_ASSET_SYMBOL_EXTENSIONS = YES;
				CLANG_ANALYZER_NONNULL = YES;
				CLANG_ANALYZER_NUMBER_OBJECT_CONVERSION = YES_AGGRESSIVE;
				CLANG_CXX_LANGUAGE_STANDARD = "gnu++20";
				CLANG_ENABLE_MODULES = YES;
				CLANG_ENABLE_OBJC_ARC = YES;
				CLANG_ENABLE_OBJC_WEAK = YES;
				CLANG_WARN_BLOCK_CAPTURE_AUTORELEASING = YES;
				CLANG_WARN_BOOL_CONVERSION = YES;
				CLANG_WARN_COMMA = YES;
				CLANG_WARN_CONSTANT_CONVERSION = YES;
				CLANG_WARN_DEPRECATED_OBJC_IMPLEMENTATIONS = YES;
				CLANG_WARN_DIRECT_OBJC_ISA_USAGE = YES_ERROR;
				CLANG_WARN_DOCUMENTATION_COMMENTS = YES;
				CLANG_WARN_EMPTY_BODY = YES;
				CLANG_WARN_ENUM_CONVERSION = YES;
				CLANG_WARN_INFINITE_RECURSION = YES;
				CLANG_WARN_INT_CONVERSION = YES;
				CLANG_WARN_NON_LITERAL_NULL_CONVERSION = YES;
				CLANG_WARN_OBJC_IMPLICIT_RETAIN_SELF = YES;
				CLANG_WARN_OBJC_LITERAL_CONVERSION = YES;
				CLANG_WARN_OBJC_ROOT_CLASS = YES_ERROR;
				CLANG_WARN_QUOTED_INCLUDE_IN_FRAMEWORK_HEADER = YES;
				CLANG_WARN_RANGE_LOOP_ANALYSIS = YES;
				CLANG_WARN_STRICT_PROTOTYPES = YES;
				CLANG_WARN_SUSPICIOUS_MOVE = YES;
				CLANG_WARN_UNGUARDED_AVAILABILITY = YES_AGGRESSIVE;
				CLANG_WARN_UNREACHABLE_CODE = YES;
				CLANG_WARN__DUPLICATE_METHOD_MATCH = YES;
				COPY_PHASE_STRIP = NO;
				DEBUG_INFORMATION_FORMAT = dwarf;
				ENABLE_STRICT_OBJC_MSGSEND = YES;
				ENABLE_TESTABILITY = YES;
				ENABLE_USER_SCRIPT_SANDBOXING = YES;
				GCC_C_LANGUAGE_STANDARD = gnu17;
				GCC_DYNAMIC_NO_PIC = NO;
				GCC_NO_COMMON_BLOCKS = YES;
				GCC_OPTIMIZATION_LEVEL = 0;
				GCC_PREPROCESSOR_DEFINITIONS = (
					"DEBUG=1",
					"$(inherited)",
				);
				GCC_WARN_64_TO_32_BIT_CONVERSION = YES;
				GCC_WARN_ABOUT_RETURN_TYPE = YES_ERROR;
				GCC_WARN_UNDECLARED_SELECTOR = YES;
				GCC_WARN_UNINITIALIZED_AUTOS = YES_AGGRESSIVE;
				GCC_WARN_UNUSED_FUNCTION = YES;
				GCC_WARN_UNUSED_VARIABLE = YES;
				LOCALIZATION_PREFERS_STRING_CATALOGS = YES;
				MACOSX_DEPLOYMENT_TARGET = 15.2;
				MTL_ENABLE_DEBUG_INFO = INCLUDE_SOURCE;
				MTL_FAST_MATH = YES;
				ONLY_ACTIVE_ARCH = YES;
				SDKROOT = macosx;
				SWIFT_ACTIVE_COMPILATION_CONDITIONS = "DEBUG $(inherited)";
				SWIFT_OPTIMIZATION_LEVEL = "-Onone";
			};
			name = Debug;
		};
		7C1F70C32D2EA1D800F79965 /* Release */ = {
			isa = XCBuildConfiguration;
			buildSettings = {
				ALWAYS_SEARCH_USER_PATHS = NO;
				ASSETCATALOG_COMPILER_GENERATE_SWIFT_ASSET_SYMBOL_EXTENSIONS = YES;
				CLANG_ANALYZER_NONNULL = YES;
				CLANG_ANALYZER_NUMBER_OBJECT_CONVERSION = YES_AGGRESSIVE;
				CLANG_CXX_LANGUAGE_STANDARD = "gnu++20";
				CLANG_ENABLE_MODULES = YES;
				CLANG_ENABLE_OBJC_ARC = YES;
				CLANG_ENABLE_OBJC_WEAK = YES;
				CLANG_WARN_BLOCK_CAPTURE_AUTORELEASING = YES;
				CLANG_WARN_BOOL_CONVERSION = YES;
				CLANG_WARN_COMMA = YES;
				CLANG_WARN_CONSTANT_CONVERSION = YES;
				CLANG_WARN_DEPRECATED_OBJC_IMPLEMENTATIONS = YES;
				CLANG_WARN_DIRECT_OBJC_ISA_USAGE = YES_ERROR;
				CLANG_WARN_DOCUMENTATION_COMMENTS = YES;
				CLANG_WARN_EMPTY_BODY = YES;
				CLANG_WARN_ENUM_CONVERSION = YES;
				CLANG_WARN_INFINITE_RECURSION = YES;
				CLANG_WARN_INT_CONVERSION = YES;
				CLANG_WARN_NON_LITERAL_NULL_CONVERSION = YES;
				CLANG_WARN_OBJC_IMPLICIT_RETAIN_SELF = YES;
				CLANG_WARN_OBJC_LITERAL_CONVERSION = YES;
				CLANG_WARN_OBJC_ROOT_CLASS = YES_ERROR;
				CLANG_WARN_QUOTED_INCLUDE_IN_FRAMEWORK_HEADER = YES;
				CLANG_WARN_RANGE_LOOP_ANALYSIS = YES;
				CLANG_WARN_STRICT_PROTOTYPES = YES;
				CLANG_WARN_SUSPICIOUS_MOVE = YES;
				CLANG_WARN_UNGUARDED_AVAILABILITY = YES_AGGRESSIVE;
				CLANG_WARN_UNREACHABLE_CODE = YES;
				CLANG_WARN__DUPLICATE_METHOD_MATCH = YES;
				COPY_PHASE_STRIP = NO;
				DEBUG_INFORMATION_FORMAT = "dwarf-with-dsym";
				ENABLE_NS_ASSERTIONS = NO;
				ENABLE_STRICT_OBJC_MSGSEND = YES;
				ENABLE_USER_SCRIPT_SANDBOXING = YES;
				GCC_C_LANGUAGE_STANDARD = gnu17;
				GCC_NO_COMMON_BLOCKS = YES;
				GCC_WARN_64_TO_32_BIT_CONVERSION = YES;
				GCC_WARN_ABOUT_RETURN_TYPE = YES_ERROR;
				GCC_WARN_UNDECLARED_SELECTOR = YES;
				GCC_WARN_UNINITIALIZED_AUTOS = YES_AGGRESSIVE;
				GCC_WARN_UNUSED_FUNCTION = YES;
				GCC_WARN_UNUSED_VARIABLE = YES;
				LOCALIZATION_PREFERS_STRING_CATALOGS = YES;
				MACOSX_DEPLOYMENT_TARGET = 15.2;
				MTL_ENABLE_DEBUG_INFO = NO;
				MTL_FAST_MATH = YES;
				SDKROOT = macosx;
				SWIFT_COMPILATION_MODE = wholemodule;
			};
			name = Release;
		};
		7C1F70C62D2EA1D800F79965 /* Debug */ = {
			isa = XCBuildConfiguration;
			buildSettings = {
				ASSETCATALOG_COMPILER_APPICON_NAME = AppIcon;
				ASSETCATALOG_COMPILER_GLOBAL_ACCENT_COLOR_NAME = AccentColor;
				CODE_SIGN_ENTITLEMENTS = "Hide n' Seek/Hide n' Seek.entitlements";
				CODE_SIGN_STYLE = Automatic;
				COMBINE_HIDPI_IMAGES = YES;
				CURRENT_PROJECT_VERSION = 1;
				DEVELOPMENT_TEAM = HW5VUVY424;
				ENABLE_HARDENED_RUNTIME = YES;
				GENERATE_INFOPLIST_FILE = YES;
				INFOPLIST_KEY_CFBundleDisplayName = "Hide n' Seek";
				INFOPLIST_KEY_NSHumanReadableCopyright = "";
				INFOPLIST_KEY_NSMainStoryboardFile = Main;
				INFOPLIST_KEY_NSPrincipalClass = NSApplication;
				LD_RUNPATH_SEARCH_PATHS = (
					"$(inherited)",
					"@executable_path/../Frameworks",
				);
				MACOSX_DEPLOYMENT_TARGET = 10.14;
				MARKETING_VERSION = 1.0;
				OTHER_LDFLAGS = (
					"-framework",
					SafariServices,
					"-framework",
					WebKit,
				);
				PRODUCT_BUNDLE_IDENTIFIER = "akhil838.Hide-n--Seek";
				PRODUCT_NAME = "$(TARGET_NAME)";
				SWIFT_EMIT_LOC_STRINGS = YES;
				SWIFT_VERSION = 5.0;
			};
			name = Debug;
		};
		7C1F70C72D2EA1D800F79965 /* Release */ = {
			isa = XCBuildConfiguration;
			buildSettings = {
				ASSETCATALOG_COMPILER_APPICON_NAME = AppIcon;
				ASSETCATALOG_COMPILER_GLOBAL_ACCENT_COLOR_NAME = AccentColor;
				CODE_SIGN_ENTITLEMENTS = "Hide n' Seek/Hide n' Seek.entitlements";
				CODE_SIGN_STYLE = Automatic;
				COMBINE_HIDPI_IMAGES = YES;
				CURRENT_PROJECT_VERSION = 1;
				DEVELOPMENT_TEAM = HW5VUVY424;
				ENABLE_HARDENED_RUNTIME = YES;
				GENERATE_INFOPLIST_FILE = YES;
				INFOPLIST_KEY_CFBundleDisplayName = "Hide n' Seek";
				INFOPLIST_KEY_NSHumanReadableCopyright = "";
				INFOPLIST_KEY_NSMainStoryboardFile = Main;
				INFOPLIST_KEY_NSPrincipalClass = NSApplication;
				LD_RUNPATH_SEARCH_PATHS = (
					"$(inherited)",
					"@executable_path/../Frameworks",
				);
				MACOSX_DEPLOYMENT_TARGET = 10.14;
				MARKETING_VERSION = 1.0;
				OTHER_LDFLAGS = (
					"-framework",
					SafariServices,
					"-framework",
					WebKit,
				);
				PRODUCT_BUNDLE_IDENTIFIER = "akhil838.Hide-n--Seek";
				PRODUCT_NAME = "$(TARGET_NAME)";
				SWIFT_EMIT_LOC_STRINGS = YES;
				SWIFT_VERSION = 5.0;
			};
			name = Release;
		};
		7C1F70C92D2EA1D800F79965 /* Debug */ = {
			isa = XCBuildConfiguration;
			buildSettings = {
				BUNDLE_LOADER = "$(TEST_HOST)";
				CODE_SIGN_STYLE = Automatic;
				CURRENT_PROJECT_VERSION = 1;
				DEVELOPMENT_TEAM = HW5VUVY424;
				GENERATE_INFOPLIST_FILE = YES;
				MACOSX_DEPLOYMENT_TARGET = 10.14;
				MARKETING_VERSION = 1.0;
				PRODUCT_BUNDLE_IDENTIFIER = "akhil838.Hide-n--SeekTests";
				PRODUCT_NAME = "$(TARGET_NAME)";
				SWIFT_EMIT_LOC_STRINGS = NO;
				SWIFT_VERSION = 5.0;
				TEST_HOST = "$(BUILT_PRODUCTS_DIR)/Hide n' Seek.app/$(BUNDLE_EXECUTABLE_FOLDER_PATH)/Hide n' Seek";
			};
			name = Debug;
		};
		7C1F70CA2D2EA1D800F79965 /* Release */ = {
			isa = XCBuildConfiguration;
			buildSettings = {
				BUNDLE_LOADER = "$(TEST_HOST)";
				CODE_SIGN_STYLE = Automatic;
				CURRENT_PROJECT_VERSION = 1;
				DEVELOPMENT_TEAM = HW5VUVY424;
				GENERATE_INFOPLIST_FILE = YES;
				MACOSX_DEPLOYMENT_TARGET = 10.14;
				MARKETING_VERSION = 1.0;
				PRODUCT_BUNDLE_IDENTIFIER = "akhil838.Hide-n--SeekTests";
				PRODUCT_NAME = "$(TARGET_NAME)";
				SWIFT_EMIT_LOC_STRINGS = NO;
				SWIFT_VERSION = 5.0;
				TEST_HOST = "$(BUILT_PRODUCTS_DIR)/Hide n' Seek.app/$(BUNDLE_EXECUTABLE_FOLDER_PATH)/Hide n' Seek";
			};
			name = Release;
		};
		7C1F70CC2D2EA1D800F79965 /* Debug */ = {
			isa = XCBuildConfiguration;
			buildSettings = {
				CODE_SIGN_STYLE = Automatic;
				CURRENT_PROJECT_VERSION = 1;
				DEVELOPMENT_TEAM = HW5VUVY424;
				GENERATE_INFOPLIST_FILE = YES;
				MARKETING_VERSION = 1.0;
				PRODUCT_BUNDLE_IDENTIFIER = "akhil838.Hide-n--SeekUITests";
				PRODUCT_NAME = "$(TARGET_NAME)";
				SWIFT_EMIT_LOC_STRINGS = NO;
				SWIFT_VERSION = 5.0;
				TEST_TARGET_NAME = "Hide n' Seek";
			};
			name = Debug;
		};
		7C1F70CD2D2EA1D800F79965 /* Release */ = {
			isa = XCBuildConfiguration;
			buildSettings = {
				CODE_SIGN_STYLE = Automatic;
				CURRENT_PROJECT_VERSION = 1;
				DEVELOPMENT_TEAM = HW5VUVY424;
				GENERATE_INFOPLIST_FILE = YES;
				MARKETING_VERSION = 1.0;
				PRODUCT_BUNDLE_IDENTIFIER = "akhil838.Hide-n--SeekUITests";
				PRODUCT_NAME = "$(TARGET_NAME)";
				SWIFT_EMIT_LOC_STRINGS = NO;
				SWIFT_VERSION = 5.0;
				TEST_TARGET_NAME = "Hide n' Seek";
			};
			name = Release;
		};
/* End XCBuildConfiguration section */

/* Begin XCConfigurationList section */
		7C1F706D2D2EA1D700F79965 /* Build configuration list for PBXProject "Hide n' Seek" */ = {
			isa = XCConfigurationList;
			buildConfigurations = (
				7C1F70C22D2EA1D800F79965 /* Debug */,
				7C1F70C32D2EA1D800F79965 /* Release */,
			);
			defaultConfigurationIsVisible = 0;
			defaultConfigurationName = Release;
		};
		7C1F70BF2D2EA1D800F79965 /* Build configuration list for PBXNativeTarget "Hide n' Seek Extension" */ = {
			isa = XCConfigurationList;
			buildConfigurations = (
				7C1F70C02D2EA1D800F79965 /* Debug */,
				7C1F70C12D2EA1D800F79965 /* Release */,
			);
			defaultConfigurationIsVisible = 0;
			defaultConfigurationName = Release;
		};
		7C1F70C52D2EA1D800F79965 /* Build configuration list for PBXNativeTarget "Hide n' Seek" */ = {
			isa = XCConfigurationList;
			buildConfigurations = (
				7C1F70C62D2EA1D800F79965 /* Debug */,
				7C1F70C72D2EA1D800F79965 /* Release */,
			);
			defaultConfigurationIsVisible = 0;
			defaultConfigurationName = Release;
		};
		7C1F70C82D2EA1D800F79965 /* Build configuration list for PBXNativeTarget "Hide n' SeekTests" */ = {
			isa = XCConfigurationList;
			buildConfigurations = (
				7C1F70C92D2EA1D800F79965 /* Debug */,
				7C1F70CA2D2EA1D800F79965 /* Release */,
			);
			defaultConfigurationIsVisible = 0;
			defaultConfigurationName = Release;
		};
		7C1F70CB2D2EA1D800F79965 /* Build configuration list for PBXNativeTarget "Hide n' SeekUITests" */ = {
			isa = XCConfigurationList;
			buildConfigurations = (
				7C1F70CC2D2EA1D800F79965 /* Debug */,
				7C1F70CD2D2EA1D800F79965 /* Release */,
			);
			defaultConfigurationIsVisible = 0;
			defaultConfigurationName = Release;
		};
/* End XCConfigurationList section */
	};
	rootObject = 7C1F706A2D2EA1D700F79965 /* Project object */;
}
